// !$*UTF8*$!
{
	archiveVersion = 1;
	classes = {
	};
	objectVersion = 56;
	objects = {

/* Begin PBXBuildFile section */
		143C5E9D2AACED2400566117 /* ScrumdingerApp.swift in Sources */ = {isa = PBXBuildFile; fileRef = 143C5E9C2AACED2400566117 /* ScrumdingerApp.swift */; };
		143C5EA12AACED2400566117 /* Assets.xcassets in Resources */ = {isa = PBXBuildFile; fileRef = 143C5EA02AACED2400566117 /* Assets.xcassets */; };
		143C5EA42AACED2400566117 /* Preview Assets.xcassets in Resources */ = {isa = PBXBuildFile; fileRef = 143C5EA32AACED2400566117 /* Preview Assets.xcassets */; };
		143C5EAC2AACEDD600566117 /* MeetingView.swift in Sources */ = {isa = PBXBuildFile; fileRef = 143C5EAB2AACEDD600566117 /* MeetingView.swift */; };
		143C5EB02AACEEB800566117 /* ding.wav in Resources */ = {isa = PBXBuildFile; fileRef = 143C5EAF2AACEEB800566117 /* ding.wav */; };
		143C5EBB2AACEED800566117 /* MeetingFooterView.swift in Sources */ = {isa = PBXBuildFile; fileRef = 143C5EB12AACEED800566117 /* MeetingFooterView.swift */; };
		143C5EBC2AACEED800566117 /* ScrumsView.swift in Sources */ = {isa = PBXBuildFile; fileRef = 143C5EB22AACEED800566117 /* ScrumsView.swift */; };
		143C5EBD2AACEED800566117 /* ScrumProgressViewStyle.swift in Sources */ = {isa = PBXBuildFile; fileRef = 143C5EB32AACEED800566117 /* ScrumProgressViewStyle.swift */; };
		143C5EBE2AACEED800566117 /* MeetingHeaderView.swift in Sources */ = {isa = PBXBuildFile; fileRef = 143C5EB42AACEED800566117 /* MeetingHeaderView.swift */; };
		143C5EBF2AACEED800566117 /* DetailEditView.swift in Sources */ = {isa = PBXBuildFile; fileRef = 143C5EB52AACEED800566117 /* DetailEditView.swift */; };
		143C5EC02AACEED800566117 /* TrailingIconLabelStyle.swift in Sources */ = {isa = PBXBuildFile; fileRef = 143C5EB62AACEED800566117 /* TrailingIconLabelStyle.swift */; };
		143C5EC12AACEED800566117 /* DetailView.swift in Sources */ = {isa = PBXBuildFile; fileRef = 143C5EB72AACEED800566117 /* DetailView.swift */; };
		143C5EC22AACEED800566117 /* CardView.swift in Sources */ = {isa = PBXBuildFile; fileRef = 143C5EB82AACEED800566117 /* CardView.swift */; };
		143C5EC32AACEED800566117 /* ThemeView.swift in Sources */ = {isa = PBXBuildFile; fileRef = 143C5EB92AACEED800566117 /* ThemeView.swift */; };
		143C5EC42AACEED800566117 /* ThemePicker.swift in Sources */ = {isa = PBXBuildFile; fileRef = 143C5EBA2AACEED800566117 /* ThemePicker.swift */; };
		143C5EC92AACEEE500566117 /* DailyScrum.swift in Sources */ = {isa = PBXBuildFile; fileRef = 143C5EC52AACEEE500566117 /* DailyScrum.swift */; };
		143C5ECA2AACEEE500566117 /* AVPlayer+Ding.swift in Sources */ = {isa = PBXBuildFile; fileRef = 143C5EC62AACEEE500566117 /* AVPlayer+Ding.swift */; };
		143C5ECB2AACEEE500566117 /* ScrumTimer.swift in Sources */ = {isa = PBXBuildFile; fileRef = 143C5EC72AACEEE500566117 /* ScrumTimer.swift */; };
		143C5ECC2AACEEE500566117 /* Theme.swift in Sources */ = {isa = PBXBuildFile; fileRef = 143C5EC82AACEEE500566117 /* Theme.swift */; };
		143C5ECF2AACF1F300566117 /* NewScrumSheet.swift in Sources */ = {isa = PBXBuildFile; fileRef = 143C5ECE2AACF1F300566117 /* NewScrumSheet.swift */; };
		143C5ED12AACF60B00566117 /* History.swift in Sources */ = {isa = PBXBuildFile; fileRef = 143C5ED02AACF60B00566117 /* History.swift */; };
		143C5ED32AACF9E500566117 /* ScrumStore.swift in Sources */ = {isa = PBXBuildFile; fileRef = 143C5ED22AACF9E500566117 /* ScrumStore.swift */; };
		143C5ED52AAD18B500566117 /* ErrorWrapper.swift in Sources */ = {isa = PBXBuildFile; fileRef = 143C5ED42AAD18B500566117 /* ErrorWrapper.swift */; };
		143C5ED72AAD191A00566117 /* ErrorView.swift in Sources */ = {isa = PBXBuildFile; fileRef = 143C5ED62AAD191A00566117 /* ErrorView.swift */; };
		143C5ED92AAD5CD600566117 /* MeetingTimerView.swift in Sources */ = {isa = PBXBuildFile; fileRef = 143C5ED82AAD5CD600566117 /* MeetingTimerView.swift */; };
		143C5EDE2AAD5EA600566117 /* SpeakerArc.swift in Sources */ = {isa = PBXBuildFile; fileRef = 143C5EDD2AAD5EA600566117 /* SpeakerArc.swift */; };
		143C5EE02AAD64AA00566117 /* SpeechRecognizer.swift in Sources */ = {isa = PBXBuildFile; fileRef = 143C5EDF2AAD64AA00566117 /* SpeechRecognizer.swift */; };
		143C5EE22AAD673F00566117 /* HistoryView.swift in Sources */ = {isa = PBXBuildFile; fileRef = 143C5EE12AAD673F00566117 /* HistoryView.swift */; };
/* End PBXBuildFile section */

/* Begin PBXFileReference section */
		143C5E992AACED2400566117 /* Scrumdinger.app */ = {isa = PBXFileReference; explicitFileType = wrapper.application; includeInIndex = 0; path = Scrumdinger.app; sourceTree = BUILT_PRODUCTS_DIR; };
		143C5E9C2AACED2400566117 /* ScrumdingerApp.swift */ = {isa = PBXFileReference; lastKnownFileType = sourcecode.swift; path = ScrumdingerApp.swift; sourceTree = "<group>"; };
		143C5EA02AACED2400566117 /* Assets.xcassets */ = {isa = PBXFileReference; lastKnownFileType = folder.assetcatalog; path = Assets.xcassets; sourceTree = "<group>"; };
		143C5EA32AACED2400566117 /* Preview Assets.xcassets */ = {isa = PBXFileReference; lastKnownFileType = folder.assetcatalog; path = "Preview Assets.xcassets"; sourceTree = "<group>"; };
		143C5EAB2AACEDD600566117 /* MeetingView.swift */ = {isa = PBXFileReference; lastKnownFileType = sourcecode.swift; path = MeetingView.swift; sourceTree = "<group>"; };
		143C5EAF2AACEEB800566117 /* ding.wav */ = {isa = PBXFileReference; lastKnownFileType = audio.wav; path = ding.wav; sourceTree = "<group>"; };
		143C5EB12AACEED800566117 /* MeetingFooterView.swift */ = {isa = PBXFileReference; fileEncoding = 4; lastKnownFileType = sourcecode.swift; path = MeetingFooterView.swift; sourceTree = "<group>"; };
		143C5EB22AACEED800566117 /* ScrumsView.swift */ = {isa = PBXFileReference; fileEncoding = 4; lastKnownFileType = sourcecode.swift; path = ScrumsView.swift; sourceTree = "<group>"; };
		143C5EB32AACEED800566117 /* ScrumProgressViewStyle.swift */ = {isa = PBXFileReference; fileEncoding = 4; lastKnownFileType = sourcecode.swift; path = ScrumProgressViewStyle.swift; sourceTree = "<group>"; };
		143C5EB42AACEED800566117 /* MeetingHeaderView.swift */ = {isa = PBXFileReference; fileEncoding = 4; lastKnownFileType = sourcecode.swift; path = MeetingHeaderView.swift; sourceTree = "<group>"; };
		143C5EB52AACEED800566117 /* DetailEditView.swift */ = {isa = PBXFileReference; fileEncoding = 4; lastKnownFileType = sourcecode.swift; path = DetailEditView.swift; sourceTree = "<group>"; };
		143C5EB62AACEED800566117 /* TrailingIconLabelStyle.swift */ = {isa = PBXFileReference; fileEncoding = 4; lastKnownFileType = sourcecode.swift; path = TrailingIconLabelStyle.swift; sourceTree = "<group>"; };
		143C5EB72AACEED800566117 /* DetailView.swift */ = {isa = PBXFileReference; fileEncoding = 4; lastKnownFileType = sourcecode.swift; path = DetailView.swift; sourceTree = "<group>"; };
		143C5EB82AACEED800566117 /* CardView.swift */ = {isa = PBXFileReference; fileEncoding = 4; lastKnownFileType = sourcecode.swift; path = CardView.swift; sourceTree = "<group>"; };
		143C5EB92AACEED800566117 /* ThemeView.swift */ = {isa = PBXFileReference; fileEncoding = 4; lastKnownFileType = sourcecode.swift; path = ThemeView.swift; sourceTree = "<group>"; };
		143C5EBA2AACEED800566117 /* ThemePicker.swift */ = {isa = PBXFileReference; fileEncoding = 4; lastKnownFileType = sourcecode.swift; path = ThemePicker.swift; sourceTree = "<group>"; };
		143C5EC52AACEEE500566117 /* DailyScrum.swift */ = {isa = PBXFileReference; fileEncoding = 4; lastKnownFileType = sourcecode.swift; path = DailyScrum.swift; sourceTree = "<group>"; };
		143C5EC62AACEEE500566117 /* AVPlayer+Ding.swift */ = {isa = PBXFileReference; fileEncoding = 4; lastKnownFileType = sourcecode.swift; path = "AVPlayer+Ding.swift"; sourceTree = "<group>"; };
		143C5EC72AACEEE500566117 /* ScrumTimer.swift */ = {isa = PBXFileReference; fileEncoding = 4; lastKnownFileType = sourcecode.swift; path = ScrumTimer.swift; sourceTree = "<group>"; };
		143C5EC82AACEEE500566117 /* Theme.swift */ = {isa = PBXFileReference; fileEncoding = 4; lastKnownFileType = sourcecode.swift; path = Theme.swift; sourceTree = "<group>"; };
		143C5ECD2AACF0C700566117 /* README.md */ = {isa = PBXFileReference; lastKnownFileType = net.daringfireball.markdown; path = README.md; sourceTree = "<group>"; };
		143C5ECE2AACF1F300566117 /* NewScrumSheet.swift */ = {isa = PBXFileReference; lastKnownFileType = sourcecode.swift; path = NewScrumSheet.swift; sourceTree = "<group>"; };
		143C5ED02AACF60B00566117 /* History.swift */ = {isa = PBXFileReference; lastKnownFileType = sourcecode.swift; path = History.swift; sourceTree = "<group>"; };
		143C5ED22AACF9E500566117 /* ScrumStore.swift */ = {isa = PBXFileReference; lastKnownFileType = sourcecode.swift; path = ScrumStore.swift; sourceTree = "<group>"; };
		143C5ED42AAD18B500566117 /* ErrorWrapper.swift */ = {isa = PBXFileReference; lastKnownFileType = sourcecode.swift; path = ErrorWrapper.swift; sourceTree = "<group>"; };
		143C5ED62AAD191A00566117 /* ErrorView.swift */ = {isa = PBXFileReference; lastKnownFileType = sourcecode.swift; path = ErrorView.swift; sourceTree = "<group>"; };
		143C5ED82AAD5CD600566117 /* MeetingTimerView.swift */ = {isa = PBXFileReference; lastKnownFileType = sourcecode.swift; path = MeetingTimerView.swift; sourceTree = "<group>"; };
		143C5EDD2AAD5EA600566117 /* SpeakerArc.swift */ = {isa = PBXFileReference; lastKnownFileType = sourcecode.swift; path = SpeakerArc.swift; sourceTree = "<group>"; };
		143C5EDF2AAD64AA00566117 /* SpeechRecognizer.swift */ = {isa = PBXFileReference; fileEncoding = 4; lastKnownFileType = sourcecode.swift; path = SpeechRecognizer.swift; sourceTree = "<group>"; };
		143C5EE12AAD673F00566117 /* HistoryView.swift */ = {isa = PBXFileReference; lastKnownFileType = sourcecode.swift; path = HistoryView.swift; sourceTree = "<group>"; };
/* End PBXFileReference section */

/* Begin PBXFrameworksBuildPhase section */
		143C5E962AACED2300566117 /* Frameworks */ = {
			isa = PBXFrameworksBuildPhase;
			buildActionMask = 2147483647;
			files = (
			);
			runOnlyForDeploymentPostprocessing = 0;
		};
/* End PBXFrameworksBuildPhase section */

/* Begin PBXGroup section */
		143C5E902AACED2300566117 = {
			isa = PBXGroup;
			children = (
				143C5E9B2AACED2400566117 /* Scrumdinger */,
				143C5E9A2AACED2400566117 /* Products */,
			);
			sourceTree = "<group>";
		};
		143C5E9A2AACED2400566117 /* Products */ = {
			isa = PBXGroup;
			children = (
				143C5E992AACED2400566117 /* Scrumdinger.app */,
			);
			name = Products;
			sourceTree = "<group>";
		};
		143C5E9B2AACED2400566117 /* Scrumdinger */ = {
			isa = PBXGroup;
			children = (
				143C5EAE2AACEE9600566117 /* Resources */,
				143C5EAD2AACEE8B00566117 /* Models */,
				143C5EAA2AACEDCB00566117 /* Views */,
				143C5E9C2AACED2400566117 /* ScrumdingerApp.swift */,
				143C5EA02AACED2400566117 /* Assets.xcassets */,
				143C5EA22AACED2400566117 /* Preview Content */,
				143C5ECD2AACF0C700566117 /* README.md */,
			);
			path = Scrumdinger;
			sourceTree = "<group>";
		};
		143C5EA22AACED2400566117 /* Preview Content */ = {
			isa = PBXGroup;
			children = (
				143C5EA32AACED2400566117 /* Preview Assets.xcassets */,
			);
			path = "Preview Content";
			sourceTree = "<group>";
		};
		143C5EAA2AACEDCB00566117 /* Views */ = {
			isa = PBXGroup;
			children = (
				143C5EB82AACEED800566117 /* CardView.swift */,
				143C5EB52AACEED800566117 /* DetailEditView.swift */,
				143C5EB72AACEED800566117 /* DetailView.swift */,
				143C5EAB2AACEDD600566117 /* MeetingView.swift */,
				143C5EB42AACEED800566117 /* MeetingHeaderView.swift */,
				143C5ED82AAD5CD600566117 /* MeetingTimerView.swift */,
				143C5EB12AACEED800566117 /* MeetingFooterView.swift */,
				143C5EB32AACEED800566117 /* ScrumProgressViewStyle.swift */,
				143C5EB22AACEED800566117 /* ScrumsView.swift */,
				143C5EBA2AACEED800566117 /* ThemePicker.swift */,
				143C5EB92AACEED800566117 /* ThemeView.swift */,
				143C5EB62AACEED800566117 /* TrailingIconLabelStyle.swift */,
				143C5ECE2AACF1F300566117 /* NewScrumSheet.swift */,
				143C5ED62AAD191A00566117 /* ErrorView.swift */,
				143C5EDD2AAD5EA600566117 /* SpeakerArc.swift */,
				143C5EE12AAD673F00566117 /* HistoryView.swift */,
			);
			path = Views;
			sourceTree = "<group>";
		};
		143C5EAD2AACEE8B00566117 /* Models */ = {
			isa = PBXGroup;
			children = (
				143C5EDF2AAD64AA00566117 /* SpeechRecognizer.swift */,
				143C5EC62AACEEE500566117 /* AVPlayer+Ding.swift */,
				143C5EC52AACEEE500566117 /* DailyScrum.swift */,
				143C5EC72AACEEE500566117 /* ScrumTimer.swift */,
				143C5EC82AACEEE500566117 /* Theme.swift */,
				143C5ED02AACF60B00566117 /* History.swift */,
				143C5ED22AACF9E500566117 /* ScrumStore.swift */,
				143C5ED42AAD18B500566117 /* ErrorWrapper.swift */,
			);
			path = Models;
			sourceTree = "<group>";
		};
		143C5EAE2AACEE9600566117 /* Resources */ = {
			isa = PBXGroup;
			children = (
				143C5EAF2AACEEB800566117 /* ding.wav */,
			);
			path = Resources;
			sourceTree = "<group>";
		};
/* End PBXGroup section */

/* Begin PBXNativeTarget section */
		143C5E982AACED2300566117 /* Scrumdinger */ = {
			isa = PBXNativeTarget;
			buildConfigurationList = 143C5EA72AACED2400566117 /* Build configuration list for PBXNativeTarget "Scrumdinger" */;
			buildPhases = (
				143C5E952AACED2300566117 /* Sources */,
				143C5E962AACED2300566117 /* Frameworks */,
				143C5E972AACED2300566117 /* Resources */,
			);
			buildRules = (
			);
			dependencies = (
			);
			name = Scrumdinger;
			productName = Scrumdinger;
			productReference = 143C5E992AACED2400566117 /* Scrumdinger.app */;
			productType = "com.apple.product-type.application";
		};
/* End PBXNativeTarget section */

/* Begin PBXProject section */
		143C5E912AACED2300566117 /* Project object */ = {
			isa = PBXProject;
			attributes = {
				BuildIndependentTargetsInParallel = 1;
				LastSwiftUpdateCheck = 1430;
				LastUpgradeCheck = 1430;
				TargetAttributes = {
					143C5E982AACED2300566117 = {
						CreatedOnToolsVersion = 14.3.1;
					};
				};
			};
			buildConfigurationList = 143C5E942AACED2300566117 /* Build configuration list for PBXProject "Scrumdinger" */;
			compatibilityVersion = "Xcode 14.0";
			developmentRegion = en;
			hasScannedForEncodings = 0;
			knownRegions = (
				en,
				Base,
			);
			mainGroup = 143C5E902AACED2300566117;
			productRefGroup = 143C5E9A2AACED2400566117 /* Products */;
			projectDirPath = "";
			projectRoot = "";
			targets = (
				143C5E982AACED2300566117 /* Scrumdinger */,
			);
		};
/* End PBXProject section */

/* Begin PBXResourcesBuildPhase section */
		143C5E972AACED2300566117 /* Resources */ = {
			isa = PBXResourcesBuildPhase;
			buildActionMask = 2147483647;
			files = (
				143C5EB02AACEEB800566117 /* ding.wav in Resources */,
				143C5EA42AACED2400566117 /* Preview Assets.xcassets in Resources */,
				143C5EA12AACED2400566117 /* Assets.xcassets in Resources */,
			);
			runOnlyForDeploymentPostprocessing = 0;
		};
/* End PBXResourcesBuildPhase section */

/* Begin PBXSourcesBuildPhase section */
		143C5E952AACED2300566117 /* Sources */ = {
			isa = PBXSourcesBuildPhase;
			buildActionMask = 2147483647;
			files = (
				143C5ED12AACF60B00566117 /* History.swift in Sources */,
				143C5E9D2AACED2400566117 /* ScrumdingerApp.swift in Sources */,
				143C5EC32AACEED800566117 /* ThemeView.swift in Sources */,
				143C5EC12AACEED800566117 /* DetailView.swift in Sources */,
				143C5EDE2AAD5EA600566117 /* SpeakerArc.swift in Sources */,
				143C5ED72AAD191A00566117 /* ErrorView.swift in Sources */,
				143C5EAC2AACEDD600566117 /* MeetingView.swift in Sources */,
				143C5EE22AAD673F00566117 /* HistoryView.swift in Sources */,
				143C5ED92AAD5CD600566117 /* MeetingTimerView.swift in Sources */,
				143C5EC92AACEEE500566117 /* DailyScrum.swift in Sources */,
				143C5ED32AACF9E500566117 /* ScrumStore.swift in Sources */,
				143C5EBF2AACEED800566117 /* DetailEditView.swift in Sources */,
				143C5ED52AAD18B500566117 /* ErrorWrapper.swift in Sources */,
				143C5EC22AACEED800566117 /* CardView.swift in Sources */,
				143C5EC02AACEED800566117 /* TrailingIconLabelStyle.swift in Sources */,
				143C5ECF2AACF1F300566117 /* NewScrumSheet.swift in Sources */,
				143C5EBB2AACEED800566117 /* MeetingFooterView.swift in Sources */,
				143C5ECC2AACEEE500566117 /* Theme.swift in Sources */,
				143C5EE02AAD64AA00566117 /* SpeechRecognizer.swift in Sources */,
				143C5ECB2AACEEE500566117 /* ScrumTimer.swift in Sources */,
				143C5ECA2AACEEE500566117 /* AVPlayer+Ding.swift in Sources */,
				143C5EBE2AACEED800566117 /* MeetingHeaderView.swift in Sources */,
				143C5EC42AACEED800566117 /* ThemePicker.swift in Sources */,
				143C5EBD2AACEED800566117 /* ScrumProgressViewStyle.swift in Sources */,
				143C5EBC2AACEED800566117 /* ScrumsView.swift in Sources */,
			);
			runOnlyForDeploymentPostprocessing = 0;
		};
/* End PBXSourcesBuildPhase section */

/* Begin XCBuildConfiguration section */
		143C5EA52AACED2400566117 /* Debug */ = {
			isa = XCBuildConfiguration;
			buildSettings = {
				ALWAYS_SEARCH_USER_PATHS = NO;
				CLANG_ANALYZER_NONNULL = YES;
				CLANG_ANALYZER_NUMBER_OBJECT_CONVERSION = YES_AGGRESSIVE;
				CLANG_CXX_LANGUAGE_STANDARD = "gnu++20";
				CLANG_ENABLE_MODULES = YES;
				CLANG_ENABLE_OBJC_ARC = YES;
				CLANG_ENABLE_OBJC_WEAK = YES;
				CLANG_WARN_BLOCK_CAPTURE_AUTORELEASING = YES;
				CLANG_WARN_BOOL_CONVERSION = YES;
				CLANG_WARN_COMMA = YES;
				CLANG_WARN_CONSTANT_CONVERSION = YES;
				CLANG_WARN_DEPRECATED_OBJC_IMPLEMENTATIONS = YES;
				CLANG_WARN_DIRECT_OBJC_ISA_USAGE = YES_ERROR;
				CLANG_WARN_DOCUMENTATION_COMMENTS = YES;
				CLANG_WARN_EMPTY_BODY = YES;
				CLANG_WARN_ENUM_CONVERSION = YES;
				CLANG_WARN_INFINITE_RECURSION = YES;
				CLANG_WARN_INT_CONVERSION = YES;
				CLANG_WARN_NON_LITERAL_NULL_CONVERSION = YES;
				CLANG_WARN_OBJC_IMPLICIT_RETAIN_SELF = YES;
				CLANG_WARN_OBJC_LITERAL_CONVERSION = YES;
				CLANG_WARN_OBJC_ROOT_CLASS = YES_ERROR;
				CLANG_WARN_QUOTED_INCLUDE_IN_FRAMEWORK_HEADER = YES;
				CLANG_WARN_RANGE_LOOP_ANALYSIS = YES;
				CLANG_WARN_STRICT_PROTOTYPES = YES;
				CLANG_WARN_SUSPICIOUS_MOVE = YES;
				CLANG_WARN_UNGUARDED_AVAILABILITY = YES_AGGRESSIVE;
				CLANG_WARN_UNREACHABLE_CODE = YES;
				CLANG_WARN__DUPLICATE_METHOD_MATCH = YES;
				COPY_PHASE_STRIP = NO;
				DEBUG_INFORMATION_FORMAT = dwarf;
				ENABLE_STRICT_OBJC_MSGSEND = YES;
				ENABLE_TESTABILITY = YES;
				GCC_C_LANGUAGE_STANDARD = gnu11;
				GCC_DYNAMIC_NO_PIC = NO;
				GCC_NO_COMMON_BLOCKS = YES;
				GCC_OPTIMIZATION_LEVEL = 0;
				GCC_PREPROCESSOR_DEFINITIONS = (
					"DEBUG=1",
					"$(inherited)",
				);
				GCC_WARN_64_TO_32_BIT_CONVERSION = YES;
				GCC_WARN_ABOUT_RETURN_TYPE = YES_ERROR;
				GCC_WARN_UNDECLARED_SELECTOR = YES;
				GCC_WARN_UNINITIALIZED_AUTOS = YES_AGGRESSIVE;
				GCC_WARN_UNUSED_FUNCTION = YES;
				GCC_WARN_UNUSED_VARIABLE = YES;
				IPHONEOS_DEPLOYMENT_TARGET = 16.4;
				MTL_ENABLE_DEBUG_INFO = INCLUDE_SOURCE;
				MTL_FAST_MATH = YES;
				ONLY_ACTIVE_ARCH = YES;
				SDKROOT = iphoneos;
				SWIFT_ACTIVE_COMPILATION_CONDITIONS = DEBUG;
				SWIFT_OPTIMIZATION_LEVEL = "-Onone";
			};
			name = Debug;
		};
		143C5EA62AACED2400566117 /* Release */ = {
			isa = XCBuildConfiguration;
			buildSettings = {
				ALWAYS_SEARCH_USER_PATHS = NO;
				CLANG_ANALYZER_NONNULL = YES;
				CLANG_ANALYZER_NUMBER_OBJECT_CONVERSION = YES_AGGRESSIVE;
				CLANG_CXX_LANGUAGE_STANDARD = "gnu++20";
				CLANG_ENABLE_MODULES = YES;
				CLANG_ENABLE_OBJC_ARC = YES;
				CLANG_ENABLE_OBJC_WEAK = YES;
				CLANG_WARN_BLOCK_CAPTURE_AUTORELEASING = YES;
				CLANG_WARN_BOOL_CONVERSION = YES;
				CLANG_WARN_COMMA = YES;
				CLANG_WARN_CONSTANT_CONVERSION = YES;
				CLANG_WARN_DEPRECATED_OBJC_IMPLEMENTATIONS = YES;
				CLANG_WARN_DIRECT_OBJC_ISA_USAGE = YES_ERROR;
				CLANG_WARN_DOCUMENTATION_COMMENTS = YES;
				CLANG_WARN_EMPTY_BODY = YES;
				CLANG_WARN_ENUM_CONVERSION = YES;
				CLANG_WARN_INFINITE_RECURSION = YES;
				CLANG_WARN_INT_CONVERSION = YES;
				CLANG_WARN_NON_LITERAL_NULL_CONVERSION = YES;
				CLANG_WARN_OBJC_IMPLICIT_RETAIN_SELF = YES;
				CLANG_WARN_OBJC_LITERAL_CONVERSION = YES;
				CLANG_WARN_OBJC_ROOT_CLASS = YES_ERROR;
				CLANG_WARN_QUOTED_INCLUDE_IN_FRAMEWORK_HEADER = YES;
				CLANG_WARN_RANGE_LOOP_ANALYSIS = YES;
				CLANG_WARN_STRICT_PROTOTYPES = YES;
				CLANG_WARN_SUSPICIOUS_MOVE = YES;
				CLANG_WARN_UNGUARDED_AVAILABILITY = YES_AGGRESSIVE;
				CLANG_WARN_UNREACHABLE_CODE = YES;
				CLANG_WARN__DUPLICATE_METHOD_MATCH = YES;
				COPY_PHASE_STRIP = NO;
				DEBUG_INFORMATION_FORMAT = "dwarf-with-dsym";
				ENABLE_NS_ASSERTIONS = NO;
				ENABLE_STRICT_OBJC_MSGSEND = YES;
				GCC_C_LANGUAGE_STANDARD = gnu11;
				GCC_NO_COMMON_BLOCKS = YES;
				GCC_WARN_64_TO_32_BIT_CONVERSION = YES;
				GCC_WARN_ABOUT_RETURN_TYPE = YES_ERROR;
				GCC_WARN_UNDECLARED_SELECTOR = YES;
				GCC_WARN_UNINITIALIZED_AUTOS = YES_AGGRESSIVE;
				GCC_WARN_UNUSED_FUNCTION = YES;
				GCC_WARN_UNUSED_VARIABLE = YES;
				IPHONEOS_DEPLOYMENT_TARGET = 16.4;
				MTL_ENABLE_DEBUG_INFO = NO;
				MTL_FAST_MATH = YES;
				SDKROOT = iphoneos;
				SWIFT_COMPILATION_MODE = wholemodule;
				SWIFT_OPTIMIZATION_LEVEL = "-O";
				VALIDATE_PRODUCT = YES;
			};
			name = Release;
		};
		143C5EA82AACED2400566117 /* Debug */ = {
			isa = XCBuildConfiguration;
			buildSettings = {
				ASSETCATALOG_COMPILER_APPICON_NAME = AppIcon;
				ASSETCATALOG_COMPILER_GLOBAL_ACCENT_COLOR_NAME = AccentColor;
				CODE_SIGN_STYLE = Automatic;
				CURRENT_PROJECT_VERSION = 1;
				DEVELOPMENT_ASSET_PATHS = "\"Scrumdinger/Preview Content\"";
				ENABLE_PREVIEWS = YES;
				GENERATE_INFOPLIST_FILE = YES;
				INFOPLIST_KEY_NSMicrophoneUsageDescription = "";
				INFOPLIST_KEY_NSSpeechRecognitionUsageDescription = "";
				INFOPLIST_KEY_UIApplicationSceneManifest_Generation = YES;
				INFOPLIST_KEY_UIApplicationSupportsIndirectInputEvents = YES;
				INFOPLIST_KEY_UILaunchScreen_Generation = YES;
				INFOPLIST_KEY_UISupportedInterfaceOrientations_iPad = "UIInterfaceOrientationPortrait UIInterfaceOrientationPortraitUpsideDown UIInterfaceOrientationLandscapeLeft UIInterfaceOrientationLandscapeRight";
				INFOPLIST_KEY_UISupportedInterfaceOrientations_iPhone = "UIInterfaceOrientationPortrait UIInterfaceOrientationLandscapeLeft UIInterfaceOrientationLandscapeRight";
				LD_RUNPATH_SEARCH_PATHS = (
					"$(inherited)",
					"@executable_path/Frameworks",
				);
				MARKETING_VERSION = 1.0;
				PRODUCT_BUNDLE_IDENTIFIER = com.tongzhang.Scrumdinger;
				PRODUCT_NAME = "$(TARGET_NAME)";
				SWIFT_EMIT_LOC_STRINGS = YES;
				SWIFT_VERSION = 5.0;
				TARGETED_DEVICE_FAMILY = "1,2";
			};
			name = Debug;
		};
		143C5EA92AACED2400566117 /* Release */ = {
			isa = XCBuildConfiguration;
			buildSettings = {
				ASSETCATALOG_COMPILER_APPICON_NAME = AppIcon;
				ASSETCATALOG_COMPILER_GLOBAL_ACCENT_COLOR_NAME = AccentColor;
				CODE_SIGN_STYLE = Automatic;
				CURRENT_PROJECT_VERSION = 1;
				DEVELOPMENT_ASSET_PATHS = "\"Scrumdinger/Preview Content\"";
				ENABLE_PREVIEWS = YES;
				GENERATE_INFOPLIST_FILE = YES;
				INFOPLIST_KEY_NSMicrophoneUsageDescription = "";
				INFOPLIST_KEY_NSSpeechRecognitionUsageDescription = "";
				INFOPLIST_KEY_UIApplicationSceneManifest_Generation = YES;
				INFOPLIST_KEY_UIApplicationSupportsIndirectInputEvents = YES;
				INFOPLIST_KEY_UILaunchScreen_Generation = YES;
				INFOPLIST_KEY_UISupportedInterfaceOrientations_iPad = "UIInterfaceOrientationPortrait UIInterfaceOrientationPortraitUpsideDown UIInterfaceOrientationLandscapeLeft UIInterfaceOrientationLandscapeRight";
				INFOPLIST_KEY_UISupportedInterfaceOrientations_iPhone = "UIInterfaceOrientationPortrait UIInterfaceOrientationLandscapeLeft UIInterfaceOrientationLandscapeRight";
				LD_RUNPATH_SEARCH_PATHS = (
					"$(inherited)",
					"@executable_path/Frameworks",
				);
				MARKETING_VERSION = 1.0;
				PRODUCT_BUNDLE_IDENTIFIER = com.tongzhang.Scrumdinger;
				PRODUCT_NAME = "$(TARGET_NAME)";
				SWIFT_EMIT_LOC_STRINGS = YES;
				SWIFT_VERSION = 5.0;
				TARGETED_DEVICE_FAMILY = "1,2";
			};
			name = Release;
		};
/* End XCBuildConfiguration section */

/* Begin XCConfigurationList section */
		143C5E942AACED2300566117 /* Build configuration list for PBXProject "Scrumdinger" */ = {
			isa = XCConfigurationList;
			buildConfigurations = (
				143C5EA52AACED2400566117 /* Debug */,
				143C5EA62AACED2400566117 /* Release */,
			);
			defaultConfigurationIsVisible = 0;
			defaultConfigurationName = Release;
		};
		143C5EA72AACED2400566117 /* Build configuration list for PBXNativeTarget "Scrumdinger" */ = {
			isa = XCConfigurationList;
			buildConfigurations = (
				143C5EA82AACED2400566117 /* Debug */,
				143C5EA92AACED2400566117 /* Release */,
			);
			defaultConfigurationIsVisible = 0;
			defaultConfigurationName = Release;
		};
/* End XCConfigurationList section */
	};
	rootObject = 143C5E912AACED2300566117 /* Project object */;
}
